
Microsoft Visual Studio Solution File, Format Version 12.00
# Visual Studio Version 17
VisualStudioVersion = 17.4.33103.184
MinimumVisualStudioVersion = 10.0.40219.1
Project("{00D1A9C2-B5F0-4AF3-8072-F6C62B433612}") = "SQL", "SQL.sqlproj", "{53D523B2-AD8A-4932-A6C2-40E9854132F8}"
EndProject
Global
	GlobalSection(SolutionConfigurationPlatforms) = preSolution
		Debug|Any CPU = Debug|Any CPU
		Release|Any CPU = Release|Any CPU
	EndGlobalSection
	GlobalSection(ProjectConfigurationPlatforms) = postSolution
		{53D523B2-AD8A-4932-A6C2-40E9854132F8}.Debug|Any CPU.ActiveCfg = Debug|Any CPU
		{53D523B2-AD8A-4932-A6C2-40E9854132F8}.Debug|Any CPU.Build.0 = Debug|Any CPU
		{53D523B2-AD8A-4932-A6C2-40E9854132F8}.Debug|Any CPU.Deploy.0 = Debug|Any CPU
		{53D523B2-AD8A-4932-A6C2-40E9854132F8}.Release|Any CPU.ActiveCfg = Release|Any CPU
		{53D523B2-AD8A-4932-A6C2-40E9854132F8}.Release|Any CPU.Build.0 = Release|Any CPU
		{53D523B2-AD8A-4932-A6C2-40E9854132F8}.Release|Any CPU.Deploy.0 = Release|Any CPU
	EndGlobalSection
	GlobalSection(SolutionProperties) = preSolution
		HideSolutionNode = FALSE
	EndGlobalSection
	GlobalSection(ExtensibilityGlobals) = postSolution
		SolutionGuid = {7A862FC1-066B-4ABE-B87D-450719F50305}
	EndGlobalSection
EndGlobal
